PODS:
  - CircleSlider (0.6.0)
  - CocoaAsyncSocket (7.6.5)
  - CocoaMQTT (2.0.2):
    - CocoaMQTT/Core (= 2.0.2)
  - CocoaMQTT/Core (2.0.2):
    - CocoaAsyncSocket (~> 7.6.5)
  - CryptoSwift (1.4.3)
  - DLRadioButton (1.4.12)

DEPENDENCIES:
  - CircleSlider
  - CocoaMQTT
  - CryptoSwift
  - DLRadioButton (~> 1.4)

SPEC REPOS:
  trunk:
    - CircleSlider
    - CocoaAsyncSocket
    - CocoaMQTT
    - CryptoSwift
    - DLRadioButton

SPEC CHECKSUMS:
  CircleSlider: e5ebeeda1ae15637fc992756adecbed115292649
  CocoaAsyncSocket: 065fd1e645c7abab64f7a6a2007a48038fdc6a99
  CocoaMQTT: 2cab338fe04820d1e32aa20809e4d141a4118f0a
  CryptoSwift: a0799ee936271bd2253a006f1e4523df21845000
  DLRadioButton: d7c4e225ed0e8013cef7be61455230c7557ad7c1

PODFILE CHECKSUM: b304457df9bb2757f11ac826b6686fe7f282beb9

COCOAPODS: 1.10.1
